// !$*UTF8*$!
{
	archiveVersion = 1;
	classes = {
	};
	objectVersion = 56;
	objects = {

/* Begin PBXBuildFile section */
		8BAAD9B829C8C8F3002B23EB /* AppDelegate.swift in Sources */ = {isa = PBXBuildFile; fileRef = 8BAAD9B729C8C8F3002B23EB /* AppDelegate.swift */; };
		8BAAD9BA29C8C8F3002B23EB /* SceneDelegate.swift in Sources */ = {isa = PBXBuildFile; fileRef = 8BAAD9B929C8C8F3002B23EB /* SceneDelegate.swift */; };
		8BAAD9BF29C8C8F4002B23EB /* Main.storyboard in Resources */ = {isa = PBXBuildFile; fileRef = 8BAAD9BD29C8C8F4002B23EB /* Main.storyboard */; };
		8BAAD9C129C8C906002B23EB /* Assets.xcassets in Resources */ = {isa = PBXBuildFile; fileRef = 8BAAD9C029C8C906002B23EB /* Assets.xcassets */; };
		8BAAD9C429C8C906002B23EB /* LaunchScreen.storyboard in Resources */ = {isa = PBXBuildFile; fileRef = 8BAAD9C229C8C906002B23EB /* LaunchScreen.storyboard */; };
		8BAAD9CF29C8C908002B23EB /* The_weatherTests.swift in Sources */ = {isa = PBXBuildFile; fileRef = 8BAAD9CE29C8C908002B23EB /* The_weatherTests.swift */; };
		8BAAD9D929C8C908002B23EB /* The_weatherUITests.swift in Sources */ = {isa = PBXBuildFile; fileRef = 8BAAD9D829C8C908002B23EB /* The_weatherUITests.swift */; };
		8BAAD9DB29C8C908002B23EB /* The_weatherUITestsLaunchTests.swift in Sources */ = {isa = PBXBuildFile; fileRef = 8BAAD9DA29C8C908002B23EB /* The_weatherUITestsLaunchTests.swift */; };
		8BAAD9FD29C94903002B23EB /* CustumTabBarViewController.swift in Sources */ = {isa = PBXBuildFile; fileRef = 8BAAD9FC29C94903002B23EB /* CustumTabBarViewController.swift */; };
		8BAAD9FF29C949CD002B23EB /* MainVC.swift in Sources */ = {isa = PBXBuildFile; fileRef = 8BAAD9FE29C949CD002B23EB /* MainVC.swift */; };
		8BAADA0129C94A0D002B23EB /* FavoriteVC.swift in Sources */ = {isa = PBXBuildFile; fileRef = 8BAADA0029C94A0D002B23EB /* FavoriteVC.swift */; };
		8BAADA0329C94A1E002B23EB /* SearchVC.swift in Sources */ = {isa = PBXBuildFile; fileRef = 8BAADA0229C94A1E002B23EB /* SearchVC.swift */; };
		8BAADA0529C951FF002B23EB /* FavoriteCell.swift in Sources */ = {isa = PBXBuildFile; fileRef = 8BAADA0429C951FE002B23EB /* FavoriteCell.swift */; };
		8BAADA0729C95224002B23EB /* SearchCell.swift in Sources */ = {isa = PBXBuildFile; fileRef = 8BAADA0629C95224002B23EB /* SearchCell.swift */; };
/* End PBXBuildFile section */

/* Begin PBXContainerItemProxy section */
		8BAAD9CB29C8C908002B23EB /* PBXContainerItemProxy */ = {
			isa = PBXContainerItemProxy;
			containerPortal = 8BAAD9AC29C8C8F3002B23EB /* Project object */;
			proxyType = 1;
			remoteGlobalIDString = 8BAAD9B329C8C8F3002B23EB;
			remoteInfo = "The weather";
		};
		8BAAD9D529C8C908002B23EB /* PBXContainerItemProxy */ = {
			isa = PBXContainerItemProxy;
			containerPortal = 8BAAD9AC29C8C8F3002B23EB /* Project object */;
			proxyType = 1;
			remoteGlobalIDString = 8BAAD9B329C8C8F3002B23EB;
			remoteInfo = "The weather";
		};
/* End PBXContainerItemProxy section */

/* Begin PBXFileReference section */
		8BAAD9B429C8C8F3002B23EB /* The weather.app */ = {isa = PBXFileReference; explicitFileType = wrapper.application; includeInIndex = 0; path = "The weather.app"; sourceTree = BUILT_PRODUCTS_DIR; };
		8BAAD9B729C8C8F3002B23EB /* AppDelegate.swift */ = {isa = PBXFileReference; lastKnownFileType = sourcecode.swift; path = AppDelegate.swift; sourceTree = "<group>"; };
		8BAAD9B929C8C8F3002B23EB /* SceneDelegate.swift */ = {isa = PBXFileReference; lastKnownFileType = sourcecode.swift; path = SceneDelegate.swift; sourceTree = "<group>"; };
		8BAAD9BE29C8C8F4002B23EB /* Base */ = {isa = PBXFileReference; lastKnownFileType = file.storyboard; name = Base; path = Base.lproj/Main.storyboard; sourceTree = "<group>"; };
		8BAAD9C029C8C906002B23EB /* Assets.xcassets */ = {isa = PBXFileReference; lastKnownFileType = folder.assetcatalog; path = Assets.xcassets; sourceTree = "<group>"; };
		8BAAD9C329C8C906002B23EB /* Base */ = {isa = PBXFileReference; lastKnownFileType = file.storyboard; name = Base; path = Base.lproj/LaunchScreen.storyboard; sourceTree = "<group>"; };
		8BAAD9C529C8C906002B23EB /* Info.plist */ = {isa = PBXFileReference; lastKnownFileType = text.plist.xml; path = Info.plist; sourceTree = "<group>"; };
		8BAAD9CA29C8C908002B23EB /* The weatherTests.xctest */ = {isa = PBXFileReference; explicitFileType = wrapper.cfbundle; includeInIndex = 0; path = "The weatherTests.xctest"; sourceTree = BUILT_PRODUCTS_DIR; };
		8BAAD9CE29C8C908002B23EB /* The_weatherTests.swift */ = {isa = PBXFileReference; lastKnownFileType = sourcecode.swift; path = The_weatherTests.swift; sourceTree = "<group>"; };
		8BAAD9D429C8C908002B23EB /* The weatherUITests.xctest */ = {isa = PBXFileReference; explicitFileType = wrapper.cfbundle; includeInIndex = 0; path = "The weatherUITests.xctest"; sourceTree = BUILT_PRODUCTS_DIR; };
		8BAAD9D829C8C908002B23EB /* The_weatherUITests.swift */ = {isa = PBXFileReference; lastKnownFileType = sourcecode.swift; path = The_weatherUITests.swift; sourceTree = "<group>"; };
		8BAAD9DA29C8C908002B23EB /* The_weatherUITestsLaunchTests.swift */ = {isa = PBXFileReference; lastKnownFileType = sourcecode.swift; path = The_weatherUITestsLaunchTests.swift; sourceTree = "<group>"; };
		8BAAD9FC29C94903002B23EB /* CustumTabBarViewController.swift */ = {isa = PBXFileReference; lastKnownFileType = sourcecode.swift; path = CustumTabBarViewController.swift; sourceTree = "<group>"; };
		8BAAD9FE29C949CD002B23EB /* MainVC.swift */ = {isa = PBXFileReference; lastKnownFileType = sourcecode.swift; path = MainVC.swift; sourceTree = "<group>"; };
		8BAADA0029C94A0D002B23EB /* FavoriteVC.swift */ = {isa = PBXFileReference; lastKnownFileType = sourcecode.swift; path = FavoriteVC.swift; sourceTree = "<group>"; };
		8BAADA0229C94A1E002B23EB /* SearchVC.swift */ = {isa = PBXFileReference; lastKnownFileType = sourcecode.swift; path = SearchVC.swift; sourceTree = "<group>"; };
		8BAADA0429C951FE002B23EB /* FavoriteCell.swift */ = {isa = PBXFileReference; lastKnownFileType = sourcecode.swift; path = FavoriteCell.swift; sourceTree = "<group>"; };
		8BAADA0629C95224002B23EB /* SearchCell.swift */ = {isa = PBXFileReference; lastKnownFileType = sourcecode.swift; path = SearchCell.swift; sourceTree = "<group>"; };
/* End PBXFileReference section */

/* Begin PBXFrameworksBuildPhase section */
		8BAAD9B129C8C8F3002B23EB /* Frameworks */ = {
			isa = PBXFrameworksBuildPhase;
			buildActionMask = 2147483647;
			files = (
			);
			runOnlyForDeploymentPostprocessing = 0;
		};
		8BAAD9C729C8C908002B23EB /* Frameworks */ = {
			isa = PBXFrameworksBuildPhase;
			buildActionMask = 2147483647;
			files = (
			);
			runOnlyForDeploymentPostprocessing = 0;
		};
		8BAAD9D129C8C908002B23EB /* Frameworks */ = {
			isa = PBXFrameworksBuildPhase;
			buildActionMask = 2147483647;
			files = (
			);
			runOnlyForDeploymentPostprocessing = 0;
		};
/* End PBXFrameworksBuildPhase section */

/* Begin PBXGroup section */
		8BAAD9AB29C8C8F3002B23EB = {
			isa = PBXGroup;
			children = (
				8BAAD9B629C8C8F3002B23EB /* The weather */,
				8BAAD9CD29C8C908002B23EB /* The weatherTests */,
				8BAAD9D729C8C908002B23EB /* The weatherUITests */,
				8BAAD9B529C8C8F3002B23EB /* Products */,
			);
			sourceTree = "<group>";
		};
		8BAAD9B529C8C8F3002B23EB /* Products */ = {
			isa = PBXGroup;
			children = (
				8BAAD9B429C8C8F3002B23EB /* The weather.app */,
				8BAAD9CA29C8C908002B23EB /* The weatherTests.xctest */,
				8BAAD9D429C8C908002B23EB /* The weatherUITests.xctest */,
			);
			name = Products;
			sourceTree = "<group>";
		};
		8BAAD9B629C8C8F3002B23EB /* The weather */ = {
			isa = PBXGroup;
			children = (
				8BAAD9E729C906C5002B23EB /* View */,
				8BAAD9E929C906E9002B23EB /* Controller */,
				8BAADA0829C9C593002B23EB /* Common Files */,
			);
			path = "The weather";
			sourceTree = "<group>";
		};
		8BAAD9CD29C8C908002B23EB /* The weatherTests */ = {
			isa = PBXGroup;
			children = (
				8BAAD9CE29C8C908002B23EB /* The_weatherTests.swift */,
			);
			path = "The weatherTests";
			sourceTree = "<group>";
		};
		8BAAD9D729C8C908002B23EB /* The weatherUITests */ = {
			isa = PBXGroup;
			children = (
				8BAAD9D829C8C908002B23EB /* The_weatherUITests.swift */,
				8BAAD9DA29C8C908002B23EB /* The_weatherUITestsLaunchTests.swift */,
			);
			path = "The weatherUITests";
			sourceTree = "<group>";
		};
		8BAAD9E729C906C5002B23EB /* View */ = {
			isa = PBXGroup;
			children = (
				8BAAD9BD29C8C8F4002B23EB /* Main.storyboard */,
			);
			path = View;
			sourceTree = "<group>";
		};
		8BAAD9E929C906E9002B23EB /* Controller */ = {
			isa = PBXGroup;
			children = (
				8BAAD9FC29C94903002B23EB /* CustumTabBarViewController.swift */,
				8BAAD9FE29C949CD002B23EB /* MainVC.swift */,
				8BAADA0029C94A0D002B23EB /* FavoriteVC.swift */,
				8BAADA0229C94A1E002B23EB /* SearchVC.swift */,
				8BAADA0429C951FE002B23EB /* FavoriteCell.swift */,
				8BAADA0629C95224002B23EB /* SearchCell.swift */,
			);
			path = Controller;
			sourceTree = "<group>";
		};
		8BAADA0829C9C593002B23EB /* Common Files */ = {
			isa = PBXGroup;
			children = (
				8BAAD9B729C8C8F3002B23EB /* AppDelegate.swift */,
				8BAAD9B929C8C8F3002B23EB /* SceneDelegate.swift */,
				8BAAD9C029C8C906002B23EB /* Assets.xcassets */,
				8BAAD9C229C8C906002B23EB /* LaunchScreen.storyboard */,
				8BAAD9C529C8C906002B23EB /* Info.plist */,
			);
			name = "Common Files";
			sourceTree = "<group>";
		};
/* End PBXGroup section */

/* Begin PBXNativeTarget section */
		8BAAD9B329C8C8F3002B23EB /* The weather */ = {
			isa = PBXNativeTarget;
			buildConfigurationList = 8BAAD9DE29C8C908002B23EB /* Build configuration list for PBXNativeTarget "The weather" */;
			buildPhases = (
				8BAAD9B029C8C8F3002B23EB /* Sources */,
				8BAAD9B129C8C8F3002B23EB /* Frameworks */,
				8BAAD9B229C8C8F3002B23EB /* Resources */,
			);
			buildRules = (
			);
			dependencies = (
			);
			name = "The weather";
			productName = "The weather";
			productReference = 8BAAD9B429C8C8F3002B23EB /* The weather.app */;
			productType = "com.apple.product-type.application";
		};
		8BAAD9C929C8C908002B23EB /* The weatherTests */ = {
			isa = PBXNativeTarget;
			buildConfigurationList = 8BAAD9E129C8C908002B23EB /* Build configuration list for PBXNativeTarget "The weatherTests" */;
			buildPhases = (
				8BAAD9C629C8C908002B23EB /* Sources */,
				8BAAD9C729C8C908002B23EB /* Frameworks */,
				8BAAD9C829C8C908002B23EB /* Resources */,
			);
			buildRules = (
			);
			dependencies = (
				8BAAD9CC29C8C908002B23EB /* PBXTargetDependency */,
			);
			name = "The weatherTests";
			productName = "The weatherTests";
			productReference = 8BAAD9CA29C8C908002B23EB /* The weatherTests.xctest */;
			productType = "com.apple.product-type.bundle.unit-test";
		};
		8BAAD9D329C8C908002B23EB /* The weatherUITests */ = {
			isa = PBXNativeTarget;
			buildConfigurationList = 8BAAD9E429C8C908002B23EB /* Build configuration list for PBXNativeTarget "The weatherUITests" */;
			buildPhases = (
				8BAAD9D029C8C908002B23EB /* Sources */,
				8BAAD9D129C8C908002B23EB /* Frameworks */,
				8BAAD9D229C8C908002B23EB /* Resources */,
			);
			buildRules = (
			);
			dependencies = (
				8BAAD9D629C8C908002B23EB /* PBXTargetDependency */,
			);
			name = "The weatherUITests";
			productName = "The weatherUITests";
			productReference = 8BAAD9D429C8C908002B23EB /* The weatherUITests.xctest */;
			productType = "com.apple.product-type.bundle.ui-testing";
		};
/* End PBXNativeTarget section */

/* Begin PBXProject section */
		8BAAD9AC29C8C8F3002B23EB /* Project object */ = {
			isa = PBXProject;
			attributes = {
				BuildIndependentTargetsInParallel = 1;
				LastSwiftUpdateCheck = 1420;
				LastUpgradeCheck = 1420;
				TargetAttributes = {
					8BAAD9B329C8C8F3002B23EB = {
						CreatedOnToolsVersion = 14.2;
					};
					8BAAD9C929C8C908002B23EB = {
						CreatedOnToolsVersion = 14.2;
						TestTargetID = 8BAAD9B329C8C8F3002B23EB;
					};
					8BAAD9D329C8C908002B23EB = {
						CreatedOnToolsVersion = 14.2;
						TestTargetID = 8BAAD9B329C8C8F3002B23EB;
					};
				};
			};
			buildConfigurationList = 8BAAD9AF29C8C8F3002B23EB /* Build configuration list for PBXProject "The weather" */;
			compatibilityVersion = "Xcode 14.0";
			developmentRegion = en;
			hasScannedForEncodings = 0;
			knownRegions = (
				en,
				Base,
			);
			mainGroup = 8BAAD9AB29C8C8F3002B23EB;
			productRefGroup = 8BAAD9B529C8C8F3002B23EB /* Products */;
			projectDirPath = "";
			projectRoot = "";
			targets = (
				8BAAD9B329C8C8F3002B23EB /* The weather */,
				8BAAD9C929C8C908002B23EB /* The weatherTests */,
				8BAAD9D329C8C908002B23EB /* The weatherUITests */,
			);
		};
/* End PBXProject section */

/* Begin PBXResourcesBuildPhase section */
		8BAAD9B229C8C8F3002B23EB /* Resources */ = {
			isa = PBXResourcesBuildPhase;
			buildActionMask = 2147483647;
			files = (
				8BAAD9C429C8C906002B23EB /* LaunchScreen.storyboard in Resources */,
				8BAAD9C129C8C906002B23EB /* Assets.xcassets in Resources */,
				8BAAD9BF29C8C8F4002B23EB /* Main.storyboard in Resources */,
			);
			runOnlyForDeploymentPostprocessing = 0;
		};
		8BAAD9C829C8C908002B23EB /* Resources */ = {
			isa = PBXResourcesBuildPhase;
			buildActionMask = 2147483647;
			files = (
			);
			runOnlyForDeploymentPostprocessing = 0;
		};
		8BAAD9D229C8C908002B23EB /* Resources */ = {
			isa = PBXResourcesBuildPhase;
			buildActionMask = 2147483647;
			files = (
			);
			runOnlyForDeploymentPostprocessing = 0;
		};
/* End PBXResourcesBuildPhase section */

/* Begin PBXSourcesBuildPhase section */
		8BAAD9B029C8C8F3002B23EB /* Sources */ = {
			isa = PBXSourcesBuildPhase;
			buildActionMask = 2147483647;
			files = (
				8BAAD9FD29C94903002B23EB /* CustumTabBarViewController.swift in Sources */,
				8BAADA0729C95224002B23EB /* SearchCell.swift in Sources */,
				8BAADA0329C94A1E002B23EB /* SearchVC.swift in Sources */,
				8BAAD9B829C8C8F3002B23EB /* AppDelegate.swift in Sources */,
				8BAADA0129C94A0D002B23EB /* FavoriteVC.swift in Sources */,
				8BAAD9FF29C949CD002B23EB /* MainVC.swift in Sources */,
				8BAADA0529C951FF002B23EB /* FavoriteCell.swift in Sources */,
				8BAAD9BA29C8C8F3002B23EB /* SceneDelegate.swift in Sources */,
			);
			runOnlyForDeploymentPostprocessing = 0;
		};
		8BAAD9C629C8C908002B23EB /* Sources */ = {
			isa = PBXSourcesBuildPhase;
			buildActionMask = 2147483647;
			files = (
				8BAAD9CF29C8C908002B23EB /* The_weatherTests.swift in Sources */,
			);
			runOnlyForDeploymentPostprocessing = 0;
		};
		8BAAD9D029C8C908002B23EB /* Sources */ = {
			isa = PBXSourcesBuildPhase;
			buildActionMask = 2147483647;
			files = (
				8BAAD9D929C8C908002B23EB /* The_weatherUITests.swift in Sources */,
				8BAAD9DB29C8C908002B23EB /* The_weatherUITestsLaunchTests.swift in Sources */,
			);
			runOnlyForDeploymentPostprocessing = 0;
		};
/* End PBXSourcesBuildPhase section */

/* Begin PBXTargetDependency section */
		8BAAD9CC29C8C908002B23EB /* PBXTargetDependency */ = {
			isa = PBXTargetDependency;
			target = 8BAAD9B329C8C8F3002B23EB /* The weather */;
			targetProxy = 8BAAD9CB29C8C908002B23EB /* PBXContainerItemProxy */;
		};
		8BAAD9D629C8C908002B23EB /* PBXTargetDependency */ = {
			isa = PBXTargetDependency;
			target = 8BAAD9B329C8C8F3002B23EB /* The weather */;
			targetProxy = 8BAAD9D529C8C908002B23EB /* PBXContainerItemProxy */;
		};
/* End PBXTargetDependency section */

/* Begin PBXVariantGroup section */
		8BAAD9BD29C8C8F4002B23EB /* Main.storyboard */ = {
			isa = PBXVariantGroup;
			children = (
				8BAAD9BE29C8C8F4002B23EB /* Base */,
			);
			name = Main.storyboard;
			sourceTree = "<group>";
		};
		8BAAD9C229C8C906002B23EB /* LaunchScreen.storyboard */ = {
			isa = PBXVariantGroup;
			children = (
				8BAAD9C329C8C906002B23EB /* Base */,
			);
			name = LaunchScreen.storyboard;
			sourceTree = "<group>";
		};
/* End PBXVariantGroup section */

/* Begin XCBuildConfiguration section */
		8BAAD9DC29C8C908002B23EB /* Debug */ = {
			isa = XCBuildConfiguration;
			buildSettings = {
				ALWAYS_SEARCH_USER_PATHS = NO;
				CLANG_ANALYZER_NONNULL = YES;
				CLANG_ANALYZER_NUMBER_OBJECT_CONVERSION = YES_AGGRESSIVE;
				CLANG_CXX_LANGUAGE_STANDARD = "gnu++20";
				CLANG_ENABLE_MODULES = YES;
				CLANG_ENABLE_OBJC_ARC = YES;
				CLANG_ENABLE_OBJC_WEAK = YES;
				CLANG_WARN_BLOCK_CAPTURE_AUTORELEASING = YES;
				CLANG_WARN_BOOL_CONVERSION = YES;
				CLANG_WARN_COMMA = YES;
				CLANG_WARN_CONSTANT_CONVERSION = YES;
				CLANG_WARN_DEPRECATED_OBJC_IMPLEMENTATIONS = YES;
				CLANG_WARN_DIRECT_OBJC_ISA_USAGE = YES_ERROR;
				CLANG_WARN_DOCUMENTATION_COMMENTS = YES;
				CLANG_WARN_EMPTY_BODY = YES;
				CLANG_WARN_ENUM_CONVERSION = YES;
				CLANG_WARN_INFINITE_RECURSION = YES;
				CLANG_WARN_INT_CONVERSION = YES;
				CLANG_WARN_NON_LITERAL_NULL_CONVERSION = YES;
				CLANG_WARN_OBJC_IMPLICIT_RETAIN_SELF = YES;
				CLANG_WARN_OBJC_LITERAL_CONVERSION = YES;
				CLANG_WARN_OBJC_ROOT_CLASS = YES_ERROR;
				CLANG_WARN_QUOTED_INCLUDE_IN_FRAMEWORK_HEADER = YES;
				CLANG_WARN_RANGE_LOOP_ANALYSIS = YES;
				CLANG_WARN_STRICT_PROTOTYPES = YES;
				CLANG_WARN_SUSPICIOUS_MOVE = YES;
				CLANG_WARN_UNGUARDED_AVAILABILITY = YES_AGGRESSIVE;
				CLANG_WARN_UNREACHABLE_CODE = YES;
				CLANG_WARN__DUPLICATE_METHOD_MATCH = YES;
				COPY_PHASE_STRIP = NO;
				DEBUG_INFORMATION_FORMAT = dwarf;
				ENABLE_STRICT_OBJC_MSGSEND = YES;
				ENABLE_TESTABILITY = YES;
				GCC_C_LANGUAGE_STANDARD = gnu11;
				GCC_DYNAMIC_NO_PIC = NO;
				GCC_NO_COMMON_BLOCKS = YES;
				GCC_OPTIMIZATION_LEVEL = 0;
				GCC_PREPROCESSOR_DEFINITIONS = (
					"DEBUG=1",
					"$(inherited)",
				);
				GCC_WARN_64_TO_32_BIT_CONVERSION = YES;
				GCC_WARN_ABOUT_RETURN_TYPE = YES_ERROR;
				GCC_WARN_UNDECLARED_SELECTOR = YES;
				GCC_WARN_UNINITIALIZED_AUTOS = YES_AGGRESSIVE;
				GCC_WARN_UNUSED_FUNCTION = YES;
				GCC_WARN_UNUSED_VARIABLE = YES;
				IPHONEOS_DEPLOYMENT_TARGET = 16.2;
				MTL_ENABLE_DEBUG_INFO = INCLUDE_SOURCE;
				MTL_FAST_MATH = YES;
				ONLY_ACTIVE_ARCH = YES;
				SDKROOT = iphoneos;
				SWIFT_ACTIVE_COMPILATION_CONDITIONS = DEBUG;
				SWIFT_OPTIMIZATION_LEVEL = "-Onone";
			};
			name = Debug;
		};
		8BAAD9DD29C8C908002B23EB /* Release */ = {
			isa = XCBuildConfiguration;
			buildSettings = {
				ALWAYS_SEARCH_USER_PATHS = NO;
				CLANG_ANALYZER_NONNULL = YES;
				CLANG_ANALYZER_NUMBER_OBJECT_CONVERSION = YES_AGGRESSIVE;
				CLANG_CXX_LANGUAGE_STANDARD = "gnu++20";
				CLANG_ENABLE_MODULES = YES;
				CLANG_ENABLE_OBJC_ARC = YES;
				CLANG_ENABLE_OBJC_WEAK = YES;
				CLANG_WARN_BLOCK_CAPTURE_AUTORELEASING = YES;
				CLANG_WARN_BOOL_CONVERSION = YES;
				CLANG_WARN_COMMA = YES;
				CLANG_WARN_CONSTANT_CONVERSION = YES;
				CLANG_WARN_DEPRECATED_OBJC_IMPLEMENTATIONS = YES;
				CLANG_WARN_DIRECT_OBJC_ISA_USAGE = YES_ERROR;
				CLANG_WARN_DOCUMENTATION_COMMENTS = YES;
				CLANG_WARN_EMPTY_BODY = YES;
				CLANG_WARN_ENUM_CONVERSION = YES;
				CLANG_WARN_INFINITE_RECURSION = YES;
				CLANG_WARN_INT_CONVERSION = YES;
				CLANG_WARN_NON_LITERAL_NULL_CONVERSION = YES;
				CLANG_WARN_OBJC_IMPLICIT_RETAIN_SELF = YES;
				CLANG_WARN_OBJC_LITERAL_CONVERSION = YES;
				CLANG_WARN_OBJC_ROOT_CLASS = YES_ERROR;
				CLANG_WARN_QUOTED_INCLUDE_IN_FRAMEWORK_HEADER = YES;
				CLANG_WARN_RANGE_LOOP_ANALYSIS = YES;
				CLANG_WARN_STRICT_PROTOTYPES = YES;
				CLANG_WARN_SUSPICIOUS_MOVE = YES;
				CLANG_WARN_UNGUARDED_AVAILABILITY = YES_AGGRESSIVE;
				CLANG_WARN_UNREACHABLE_CODE = YES;
				CLANG_WARN__DUPLICATE_METHOD_MATCH = YES;
				COPY_PHASE_STRIP = NO;
				DEBUG_INFORMATION_FORMAT = "dwarf-with-dsym";
				ENABLE_NS_ASSERTIONS = NO;
				ENABLE_STRICT_OBJC_MSGSEND = YES;
				GCC_C_LANGUAGE_STANDARD = gnu11;
				GCC_NO_COMMON_BLOCKS = YES;
				GCC_WARN_64_TO_32_BIT_CONVERSION = YES;
				GCC_WARN_ABOUT_RETURN_TYPE = YES_ERROR;
				GCC_WARN_UNDECLARED_SELECTOR = YES;
				GCC_WARN_UNINITIALIZED_AUTOS = YES_AGGRESSIVE;
				GCC_WARN_UNUSED_FUNCTION = YES;
				GCC_WARN_UNUSED_VARIABLE = YES;
				IPHONEOS_DEPLOYMENT_TARGET = 16.2;
				MTL_ENABLE_DEBUG_INFO = NO;
				MTL_FAST_MATH = YES;
				SDKROOT = iphoneos;
				SWIFT_COMPILATION_MODE = wholemodule;
				SWIFT_OPTIMIZATION_LEVEL = "-O";
				VALIDATE_PRODUCT = YES;
			};
			name = Release;
		};
		8BAAD9DF29C8C908002B23EB /* Debug */ = {
			isa = XCBuildConfiguration;
			buildSettings = {
				ASSETCATALOG_COMPILER_APPICON_NAME = AppIcon;
				ASSETCATALOG_COMPILER_GLOBAL_ACCENT_COLOR_NAME = AccentColor;
				CODE_SIGN_STYLE = Automatic;
				CURRENT_PROJECT_VERSION = 1;
				DEVELOPMENT_TEAM = 424LAK2237;
				GENERATE_INFOPLIST_FILE = YES;
				INFOPLIST_FILE = "The weather/Info.plist";
				INFOPLIST_KEY_CFBundleDisplayName = "The weather";
				INFOPLIST_KEY_UIApplicationSupportsIndirectInputEvents = YES;
				INFOPLIST_KEY_UILaunchStoryboardName = LaunchScreen.storyboard;
				INFOPLIST_KEY_UIMainStoryboardFile = Main;
				INFOPLIST_KEY_UISupportedInterfaceOrientations = UIInterfaceOrientationPortrait;
				INFOPLIST_KEY_UISupportedInterfaceOrientations_iPad = "UIInterfaceOrientationLandscapeLeft UIInterfaceOrientationLandscapeRight UIInterfaceOrientationPortrait UIInterfaceOrientationPortraitUpsideDown";
				IPHONEOS_DEPLOYMENT_TARGET = 15.0;
				LD_RUNPATH_SEARCH_PATHS = (
					"$(inherited)",
					"@executable_path/Frameworks",
				);
				MARKETING_VERSION = 1.0;
				PRODUCT_BUNDLE_IDENTIFIER = "inGoodM.The-weather";
				PRODUCT_NAME = "$(TARGET_NAME)";
				SUPPORTED_PLATFORMS = "iphoneos iphonesimulator";
				SUPPORTS_MACCATALYST = NO;
				SUPPORTS_MAC_DESIGNED_FOR_IPHONE_IPAD = NO;
				SWIFT_EMIT_LOC_STRINGS = YES;
				SWIFT_VERSION = 5.0;
				TARGETED_DEVICE_FAMILY = "1,2";
			};
			name = Debug;
		};
		8BAAD9E029C8C908002B23EB /* Release */ = {
			isa = XCBuildConfiguration;
			buildSettings = {
				ASSETCATALOG_COMPILER_APPICON_NAME = AppIcon;
				ASSETCATALOG_COMPILER_GLOBAL_ACCENT_COLOR_NAME = AccentColor;
				CODE_SIGN_STYLE = Automatic;
				CURRENT_PROJECT_VERSION = 1;
				DEVELOPMENT_TEAM = 424LAK2237;
				GENERATE_INFOPLIST_FILE = YES;
				INFOPLIST_FILE = "The weather/Info.plist";
				INFOPLIST_KEY_CFBundleDisplayName = "The weather";
				INFOPLIST_KEY_UIApplicationSupportsIndirectInputEvents = YES;
				INFOPLIST_KEY_UILaunchStoryboardName = LaunchScreen.storyboard;
				INFOPLIST_KEY_UIMainStoryboardFile = Main;
				INFOPLIST_KEY_UISupportedInterfaceOrientations = UIInterfaceOrientationPortrait;
				INFOPLIST_KEY_UISupportedInterfaceOrientations_iPad = "UIInterfaceOrientationLandscapeLeft UIInterfaceOrientationLandscapeRight UIInterfaceOrientationPortrait UIInterfaceOrientationPortraitUpsideDown";
				IPHONEOS_DEPLOYMENT_TARGET = 15.0;
				LD_RUNPATH_SEARCH_PATHS = (
					"$(inherited)",
					"@executable_path/Frameworks",
				);
				MARKETING_VERSION = 1.0;
				PRODUCT_BUNDLE_IDENTIFIER = "inGoodM.The-weather";
				PRODUCT_NAME = "$(TARGET_NAME)";
				SUPPORTED_PLATFORMS = "iphoneos iphonesimulator";
				SUPPORTS_MACCATALYST = NO;
				SUPPORTS_MAC_DESIGNED_FOR_IPHONE_IPAD = NO;
				SWIFT_EMIT_LOC_STRINGS = YES;
				SWIFT_VERSION = 5.0;
				TARGETED_DEVICE_FAMILY = "1,2";
			};
			name = Release;
		};
		8BAAD9E229C8C908002B23EB /* Debug */ = {
			isa = XCBuildConfiguration;
			buildSettings = {
				ALWAYS_EMBED_SWIFT_STANDARD_LIBRARIES = YES;
				BUNDLE_LOADER = "$(TEST_HOST)";
				CODE_SIGN_STYLE = Automatic;
				CURRENT_PROJECT_VERSION = 1;
				DEVELOPMENT_TEAM = SG535XK83Z;
				GENERATE_INFOPLIST_FILE = YES;
				IPHONEOS_DEPLOYMENT_TARGET = 16.2;
				MARKETING_VERSION = 1.0;
				PRODUCT_BUNDLE_IDENTIFIER = "inGoodM.The-weatherTests";
				PRODUCT_NAME = "$(TARGET_NAME)";
				SWIFT_EMIT_LOC_STRINGS = NO;
				SWIFT_VERSION = 5.0;
				TARGETED_DEVICE_FAMILY = "1,2";
				TEST_HOST = "$(BUILT_PRODUCTS_DIR)/The weather.app/$(BUNDLE_EXECUTABLE_FOLDER_PATH)/The weather";
			};
			name = Debug;
		};
		8BAAD9E329C8C908002B23EB /* Release */ = {
			isa = XCBuildConfiguration;
			buildSettings = {
				ALWAYS_EMBED_SWIFT_STANDARD_LIBRARIES = YES;
				BUNDLE_LOADER = "$(TEST_HOST)";
				CODE_SIGN_STYLE = Automatic;
				CURRENT_PROJECT_VERSION = 1;
				DEVELOPMENT_TEAM = SG535XK83Z;
				GENERATE_INFOPLIST_FILE = YES;
				IPHONEOS_DEPLOYMENT_TARGET = 16.2;
				MARKETING_VERSION = 1.0;
				PRODUCT_BUNDLE_IDENTIFIER = "inGoodM.The-weatherTests";
				PRODUCT_NAME = "$(TARGET_NAME)";
				SWIFT_EMIT_LOC_STRINGS = NO;
				SWIFT_VERSION = 5.0;
				TARGETED_DEVICE_FAMILY = "1,2";
				TEST_HOST = "$(BUILT_PRODUCTS_DIR)/The weather.app/$(BUNDLE_EXECUTABLE_FOLDER_PATH)/The weather";
			};
			name = Release;
		};
		8BAAD9E529C8C908002B23EB /* Debug */ = {
			isa = XCBuildConfiguration;
			buildSettings = {
				ALWAYS_EMBED_SWIFT_STANDARD_LIBRARIES = YES;
				CODE_SIGN_STYLE = Automatic;
				CURRENT_PROJECT_VERSION = 1;
				DEVELOPMENT_TEAM = SG535XK83Z;
				GENERATE_INFOPLIST_FILE = YES;
				MARKETING_VERSION = 1.0;
				PRODUCT_BUNDLE_IDENTIFIER = "inGoodM.The-weatherUITests";
				PRODUCT_NAME = "$(TARGET_NAME)";
				SWIFT_EMIT_LOC_STRINGS = NO;
				SWIFT_VERSION = 5.0;
				TARGETED_DEVICE_FAMILY = "1,2";
				TEST_TARGET_NAME = "The weather";
			};
			name = Debug;
		};
		8BAAD9E629C8C908002B23EB /* Release */ = {
			isa = XCBuildConfiguration;
			buildSettings = {
				ALWAYS_EMBED_SWIFT_STANDARD_LIBRARIES = YES;
				CODE_SIGN_STYLE = Automatic;
				CURRENT_PROJECT_VERSION = 1;
				DEVELOPMENT_TEAM = SG535XK83Z;
				GENERATE_INFOPLIST_FILE = YES;
				MARKETING_VERSION = 1.0;
				PRODUCT_BUNDLE_IDENTIFIER = "inGoodM.The-weatherUITests";
				PRODUCT_NAME = "$(TARGET_NAME)";
				SWIFT_EMIT_LOC_STRINGS = NO;
				SWIFT_VERSION = 5.0;
				TARGETED_DEVICE_FAMILY = "1,2";
				TEST_TARGET_NAME = "The weather";
			};
			name = Release;
		};
/* End XCBuildConfiguration section */

/* Begin XCConfigurationList section */
		8BAAD9AF29C8C8F3002B23EB /* Build configuration list for PBXProject "The weather" */ = {
			isa = XCConfigurationList;
			buildConfigurations = (
				8BAAD9DC29C8C908002B23EB /* Debug */,
				8BAAD9DD29C8C908002B23EB /* Release */,
			);
			defaultConfigurationIsVisible = 0;
			defaultConfigurationName = Release;
		};
		8BAAD9DE29C8C908002B23EB /* Build configuration list for PBXNativeTarget "The weather" */ = {
			isa = XCConfigurationList;
			buildConfigurations = (
				8BAAD9DF29C8C908002B23EB /* Debug */,
				8BAAD9E029C8C908002B23EB /* Release */,
			);
			defaultConfigurationIsVisible = 0;
			defaultConfigurationName = Release;
		};
		8BAAD9E129C8C908002B23EB /* Build configuration list for PBXNativeTarget "The weatherTests" */ = {
			isa = XCConfigurationList;
			buildConfigurations = (
				8BAAD9E229C8C908002B23EB /* Debug */,
				8BAAD9E329C8C908002B23EB /* Release */,
			);
			defaultConfigurationIsVisible = 0;
			defaultConfigurationName = Release;
		};
		8BAAD9E429C8C908002B23EB /* Build configuration list for PBXNativeTarget "The weatherUITests" */ = {
			isa = XCConfigurationList;
			buildConfigurations = (
				8BAAD9E529C8C908002B23EB /* Debug */,
				8BAAD9E629C8C908002B23EB /* Release */,
			);
			defaultConfigurationIsVisible = 0;
			defaultConfigurationName = Release;
		};
/* End XCConfigurationList section */
	};
	rootObject = 8BAAD9AC29C8C8F3002B23EB /* Project object */;
}
